
Microsoft Visual Studio Solution File, Format Version 12.00
# Visual Studio Version 17
VisualStudioVersion = 17.10.34928.147
MinimumVisualStudioVersion = 10.0.40219.1
Project("{FAE04EC0-301F-11D3-BF4B-00C04F79EFBC}") = "WindowHider", "WindowHider.csproj", "{012FEE67-8F6D-414B-B272-3E02E91BD6FF}"
EndProject
Global
	GlobalSection(SolutionConfigurationPlatforms) = preSolution
		Debug|Any CPU = Debug|Any CPU
		Release|Any CPU = Release|Any CPU
	EndGlobalSection
	GlobalSection(ProjectConfigurationPlatforms) = postSolution
		{012FEE67-8F6D-414B-B272-3E02E91BD6FF}.Debug|Any CPU.ActiveCfg = Debug|Any CPU
		{012FEE67-8F6D-414B-B272-3E02E91BD6FF}.Debug|Any CPU.Build.0 = Debug|Any CPU
		{012FEE67-8F6D-414B-B272-3E02E91BD6FF}.Release|Any CPU.ActiveCfg = Release|Any CPU
		{012FEE67-8F6D-414B-B272-3E02E91BD6FF}.Release|Any CPU.Build.0 = Release|Any CPU
	EndGlobalSection
	GlobalSection(SolutionProperties) = preSolution
		HideSolutionNode = FALSE
	EndGlobalSection
	GlobalSection(ExtensibilityGlobals) = postSolution
		SolutionGuid = {A7E1893F-BB75-4A1F-BA7F-DD4360944EEF}
	EndGlobalSection
EndGlobal
